// !$*UTF8*$!
{
	archiveVersion = 1;
	classes = {
	};
	objectVersion = 50;
	objects = {

/* Begin PBXBuildFile section */
		5EC2CAC32164146E003B7A1B /* AppDelegate.swift in Sources */ = {isa = PBXBuildFile; fileRef = 5EC2CAC22164146E003B7A1B /* AppDelegate.swift */; };
		5EC2CAC52164146E003B7A1B /* ViewController.swift in Sources */ = {isa = PBXBuildFile; fileRef = 5EC2CAC42164146E003B7A1B /* ViewController.swift */; };
		5EC2CAC82164146E003B7A1B /* Main.storyboard in Resources */ = {isa = PBXBuildFile; fileRef = 5EC2CAC62164146E003B7A1B /* Main.storyboard */; };
		5EC2CACA21641470003B7A1B /* Assets.xcassets in Resources */ = {isa = PBXBuildFile; fileRef = 5EC2CAC921641470003B7A1B /* Assets.xcassets */; };
		5EC2CACD21641470003B7A1B /* LaunchScreen.storyboard in Resources */ = {isa = PBXBuildFile; fileRef = 5EC2CACB21641470003B7A1B /* LaunchScreen.storyboard */; };
/* End PBXBuildFile section */

/* Begin PBXFileReference section */
		5E1D076C216BB6E900F1C333 /* SiriShortcutsExample.entitlements */ = {isa = PBXFileReference; lastKnownFileType = text.plist.entitlements; path = SiriShortcutsExample.entitlements; sourceTree = "<group>"; };
		5EC2CABF2164146E003B7A1B /* SiriShortcutsExample.app */ = {isa = PBXFileReference; explicitFileType = wrapper.application; includeInIndex = 0; path = SiriShortcutsExample.app; sourceTree = BUILT_PRODUCTS_DIR; };
		5EC2CAC22164146E003B7A1B /* AppDelegate.swift */ = {isa = PBXFileReference; lastKnownFileType = sourcecode.swift; path = AppDelegate.swift; sourceTree = "<group>"; };
		5EC2CAC42164146E003B7A1B /* ViewController.swift */ = {isa = PBXFileReference; lastKnownFileType = sourcecode.swift; path = ViewController.swift; sourceTree = "<group>"; };
		5EC2CAC72164146E003B7A1B /* Base */ = {isa = PBXFileReference; lastKnownFileType = file.storyboard; name = Base; path = Base.lproj/Main.storyboard; sourceTree = "<group>"; };
		5EC2CAC921641470003B7A1B /* Assets.xcassets */ = {isa = PBXFileReference; lastKnownFileType = folder.assetcatalog; path = Assets.xcassets; sourceTree = "<group>"; };
		5EC2CACC21641470003B7A1B /* Base */ = {isa = PBXFileReference; lastKnownFileType = file.storyboard; name = Base; path = Base.lproj/LaunchScreen.storyboard; sourceTree = "<group>"; };
		5EC2CACE21641470003B7A1B /* Info.plist */ = {isa = PBXFileReference; lastKnownFileType = text.plist.xml; path = Info.plist; sourceTree = "<group>"; };
/* End PBXFileReference section */

/* Begin PBXFrameworksBuildPhase section */
		5EC2CABC2164146E003B7A1B /* Frameworks */ = {
			isa = PBXFrameworksBuildPhase;
			buildActionMask = 2147483647;
			files = (
			);
			runOnlyForDeploymentPostprocessing = 0;
		};
/* End PBXFrameworksBuildPhase section */

/* Begin PBXGroup section */
		5EC2CAB62164146E003B7A1B = {
			isa = PBXGroup;
			children = (
				5EC2CAC12164146E003B7A1B /* SiriShortcutsExample */,
				5EC2CAC02164146E003B7A1B /* Products */,
			);
			sourceTree = "<group>";
		};
		5EC2CAC02164146E003B7A1B /* Products */ = {
			isa = PBXGroup;
			children = (
				5EC2CABF2164146E003B7A1B /* SiriShortcutsExample.app */,
			);
			name = Products;
			sourceTree = "<group>";
		};
		5EC2CAC12164146E003B7A1B /* SiriShortcutsExample */ = {
			isa = PBXGroup;
			children = (
				5E1D076C216BB6E900F1C333 /* SiriShortcutsExample.entitlements */,
				5EC2CAC22164146E003B7A1B /* AppDelegate.swift */,
				5EC2CAC42164146E003B7A1B /* ViewController.swift */,
				5EC2CAC62164146E003B7A1B /* Main.storyboard */,
				5EC2CAC921641470003B7A1B /* Assets.xcassets */,
				5EC2CACB21641470003B7A1B /* LaunchScreen.storyboard */,
				5EC2CACE21641470003B7A1B /* Info.plist */,
			);
			path = SiriShortcutsExample;
			sourceTree = "<group>";
		};
/* End PBXGroup section */

/* Begin PBXNativeTarget section */
		5EC2CABE2164146E003B7A1B /* SiriShortcutsExample */ = {
			isa = PBXNativeTarget;
			buildConfigurationList = 5EC2CAD121641470003B7A1B /* Build configuration list for PBXNativeTarget "SiriShortcutsExample" */;
			buildPhases = (
				5EC2CABB2164146E003B7A1B /* Sources */,
				5EC2CABC2164146E003B7A1B /* Frameworks */,
				5EC2CABD2164146E003B7A1B /* Resources */,
			);
			buildRules = (
			);
			dependencies = (
			);
			name = SiriShortcutsExample;
			productName = SiriShortcutsExample;
			productReference = 5EC2CABF2164146E003B7A1B /* SiriShortcutsExample.app */;
			productType = "com.apple.product-type.application";
		};
/* End PBXNativeTarget section */

/* Begin PBXProject section */
		5EC2CAB72164146E003B7A1B /* Project object */ = {
			isa = PBXProject;
			attributes = {
				LastSwiftUpdateCheck = 1000;
				LastUpgradeCheck = 1000;
				ORGANIZATIONNAME = "Sinan Ege";
				TargetAttributes = {
					5EC2CABE2164146E003B7A1B = {
						CreatedOnToolsVersion = 10.0;
						SystemCapabilities = {
							com.apple.Siri = {
								enabled = 1;
							};
						};
					};
				};
			};
			buildConfigurationList = 5EC2CABA2164146E003B7A1B /* Build configuration list for PBXProject "SiriShortcutsExample" */;
			compatibilityVersion = "Xcode 9.3";
			developmentRegion = en;
			hasScannedForEncodings = 0;
			knownRegions = (
				en,
				Base,
			);
			mainGroup = 5EC2CAB62164146E003B7A1B;
			productRefGroup = 5EC2CAC02164146E003B7A1B /* Products */;
			projectDirPath = "";
			projectRoot = "";
			targets = (
				5EC2CABE2164146E003B7A1B /* SiriShortcutsExample */,
			);
		};
/* End PBXProject section */

/* Begin PBXResourcesBuildPhase section */
		5EC2CABD2164146E003B7A1B /* Resources */ = {
			isa = PBXResourcesBuildPhase;
			buildActionMask = 2147483647;
			files = (
				5EC2CACD21641470003B7A1B /* LaunchScreen.storyboard in Resources */,
				5EC2CACA21641470003B7A1B /* Assets.xcassets in Resources */,
				5EC2CAC82164146E003B7A1B /* Main.storyboard in Resources */,
			);
			runOnlyForDeploymentPostprocessing = 0;
		};
/* End PBXResourcesBuildPhase section */

/* Begin PBXSourcesBuildPhase section */
		5EC2CABB2164146E003B7A1B /* Sources */ = {
			isa = PBXSourcesBuildPhase;
			buildActionMask = 2147483647;
			files = (
				5EC2CAC52164146E003B7A1B /* ViewController.swift in Sources */,
				5EC2CAC32164146E003B7A1B /* AppDelegate.swift in Sources */,
			);
			runOnlyForDeploymentPostprocessing = 0;
		};
/* End PBXSourcesBuildPhase section */

/* Begin PBXVariantGroup section */
		5EC2CAC62164146E003B7A1B /* Main.storyboard */ = {
			isa = PBXVariantGroup;
			children = (
				5EC2CAC72164146E003B7A1B /* Base */,
			);
			name = Main.storyboard;
			sourceTree = "<group>";
		};
		5EC2CACB21641470003B7A1B /* LaunchScreen.storyboard */ = {
			isa = PBXVariantGroup;
			children = (
				5EC2CACC21641470003B7A1B /* Base */,
			);
			name = LaunchScreen.storyboard;
			sourceTree = "<group>";
		};
/* End PBXVariantGroup section */

/* Begin XCBuildConfiguration section */
		5EC2CACF21641470003B7A1B /* Debug */ = {
			isa = XCBuildConfiguration;
			buildSettings = {
				ALWAYS_SEARCH_USER_PATHS = NO;
				CLANG_ANALYZER_NONNULL = YES;
				CLANG_ANALYZER_NUMBER_OBJECT_CONVERSION = YES_AGGRESSIVE;
				CLANG_CXX_LANGUAGE_STANDARD = "gnu++14";
				CLANG_CXX_LIBRARY = "libc++";
				CLANG_ENABLE_MODULES = YES;
				CLANG_ENABLE_OBJC_ARC = YES;
				CLANG_ENABLE_OBJC_WEAK = YES;
				CLANG_WARN_BLOCK_CAPTURE_AUTORELEASING = YES;
				CLANG_WARN_BOOL_CONVERSION = YES;
				CLANG_WARN_COMMA = YES;
				CLANG_WARN_CONSTANT_CONVERSION = YES;
				CLANG_WARN_DEPRECATED_OBJC_IMPLEMENTATIONS = YES;
				CLANG_WARN_DIRECT_OBJC_ISA_USAGE = YES_ERROR;
				CLANG_WARN_DOCUMENTATION_COMMENTS = YES;
				CLANG_WARN_EMPTY_BODY = YES;
				CLANG_WARN_ENUM_CONVERSION = YES;
				CLANG_WARN_INFINITE_RECURSION = YES;
				CLANG_WARN_INT_CONVERSION = YES;
				CLANG_WARN_NON_LITERAL_NULL_CONVERSION = YES;
				CLANG_WARN_OBJC_IMPLICIT_RETAIN_SELF = YES;
				CLANG_WARN_OBJC_LITERAL_CONVERSION = YES;
				CLANG_WARN_OBJC_ROOT_CLASS = YES_ERROR;
				CLANG_WARN_RANGE_LOOP_ANALYSIS = YES;
				CLANG_WARN_STRICT_PROTOTYPES = YES;
				CLANG_WARN_SUSPICIOUS_MOVE = YES;
				CLANG_WARN_UNGUARDED_AVAILABILITY = YES_AGGRESSIVE;
				CLANG_WARN_UNREACHABLE_CODE = YES;
				CLANG_WARN__DUPLICATE_METHOD_MATCH = YES;
				CODE_SIGN_IDENTITY = "iPhone Developer";
				COPY_PHASE_STRIP = NO;
				DEBUG_INFORMATION_FORMAT = dwarf;
				ENABLE_STRICT_OBJC_MSGSEND = YES;
				ENABLE_TESTABILITY = YES;
				GCC_C_LANGUAGE_STANDARD = gnu11;
				GCC_DYNAMIC_NO_PIC = NO;
				GCC_NO_COMMON_BLOCKS = YES;
				GCC_OPTIMIZATION_LEVEL = 0;
				GCC_PREPROCESSOR_DEFINITIONS = (
					"DEBUG=1",
					"$(inherited)",
				);
				GCC_WARN_64_TO_32_BIT_CONVERSION = YES;
				GCC_WARN_ABOUT_RETURN_TYPE = YES_ERROR;
				GCC_WARN_UNDECLARED_SELECTOR = YES;
				GCC_WARN_UNINITIALIZED_AUTOS = YES_AGGRESSIVE;
				GCC_WARN_UNUSED_FUNCTION = YES;
				GCC_WARN_UNUSED_VARIABLE = YES;
				IPHONEOS_DEPLOYMENT_TARGET = 12.0;
				MTL_ENABLE_DEBUG_INFO = INCLUDE_SOURCE;
				MTL_FAST_MATH = YES;
				ONLY_ACTIVE_ARCH = YES;
				SDKROOT = iphoneos;
				SWIFT_ACTIVE_COMPILATION_CONDITIONS = DEBUG;
				SWIFT_OPTIMIZATION_LEVEL = "-Onone";
			};
			name = Debug;
		};
		5EC2CAD021641470003B7A1B /* Release */ = {
			isa = XCBuildConfiguration;
			buildSettings = {
				ALWAYS_SEARCH_USER_PATHS = NO;
				CLANG_ANALYZER_NONNULL = YES;
				CLANG_ANALYZER_NUMBER_OBJECT_CONVERSION = YES_AGGRESSIVE;
				CLANG_CXX_LANGUAGE_STANDARD = "gnu++14";
				CLANG_CXX_LIBRARY = "libc++";
				CLANG_ENABLE_MODULES = YES;
				CLANG_ENABLE_OBJC_ARC = YES;
				CLANG_ENABLE_OBJC_WEAK = YES;
				CLANG_WARN_BLOCK_CAPTURE_AUTORELEASING = YES;
				CLANG_WARN_BOOL_CONVERSION = YES;
				CLANG_WARN_COMMA = YES;
				CLANG_WARN_CONSTANT_CONVERSION = YES;
				CLANG_WARN_DEPRECATED_OBJC_IMPLEMENTATIONS = YES;
				CLANG_WARN_DIRECT_OBJC_ISA_USAGE = YES_ERROR;
				CLANG_WARN_DOCUMENTATION_COMMENTS = YES;
				CLANG_WARN_EMPTY_BODY = YES;
				CLANG_WARN_ENUM_CONVERSION = YES;
				CLANG_WARN_INFINITE_RECURSION = YES;
				CLANG_WARN_INT_CONVERSION = YES;
				CLANG_WARN_NON_LITERAL_NULL_CONVERSION = YES;
				CLANG_WARN_OBJC_IMPLICIT_RETAIN_SELF = YES;
				CLANG_WARN_OBJC_LITERAL_CONVERSION = YES;
				CLANG_WARN_OBJC_ROOT_CLASS = YES_ERROR;
				CLANG_WARN_RANGE_LOOP_ANALYSIS = YES;
				CLANG_WARN_STRICT_PROTOTYPES = YES;
				CLANG_WARN_SUSPICIOUS_MOVE = YES;
				CLANG_WARN_UNGUARDED_AVAILABILITY = YES_AGGRESSIVE;
				CLANG_WARN_UNREACHABLE_CODE = YES;
				CLANG_WARN__DUPLICATE_METHOD_MATCH = YES;
				CODE_SIGN_IDENTITY = "iPhone Developer";
				COPY_PHASE_STRIP = NO;
				DEBUG_INFORMATION_FORMAT = "dwarf-with-dsym";
				ENABLE_NS_ASSERTIONS = NO;
				ENABLE_STRICT_OBJC_MSGSEND = YES;
				GCC_C_LANGUAGE_STANDARD = gnu11;
				GCC_NO_COMMON_BLOCKS = YES;
				GCC_WARN_64_TO_32_BIT_CONVERSION = YES;
				GCC_WARN_ABOUT_RETURN_TYPE = YES_ERROR;
				GCC_WARN_UNDECLARED_SELECTOR = YES;
				GCC_WARN_UNINITIALIZED_AUTOS = YES_AGGRESSIVE;
				GCC_WARN_UNUSED_FUNCTION = YES;
				GCC_WARN_UNUSED_VARIABLE = YES;
				IPHONEOS_DEPLOYMENT_TARGET = 12.0;
				MTL_ENABLE_DEBUG_INFO = NO;
				MTL_FAST_MATH = YES;
				SDKROOT = iphoneos;
				SWIFT_COMPILATION_MODE = wholemodule;
				SWIFT_OPTIMIZATION_LEVEL = "-O";
				VALIDATE_PRODUCT = YES;
			};
			name = Release;
		};
		5EC2CAD221641470003B7A1B /* Debug */ = {
			isa = XCBuildConfiguration;
			buildSettings = {
				ASSETCATALOG_COMPILER_APPICON_NAME = AppIcon;
				CODE_SIGN_ENTITLEMENTS = SiriShortcutsExample/SiriShortcutsExample.entitlements;
				CODE_SIGN_IDENTITY = "iPhone Developer";
				CODE_SIGN_STYLE = Automatic;
				DEVELOPMENT_TEAM = 794E354T7N;
				INFOPLIST_FILE = SiriShortcutsExample/Info.plist;
				LD_RUNPATH_SEARCH_PATHS = (
					"$(inherited)",
					"@executable_path/Frameworks",
				);
				PRODUCT_BUNDLE_IDENTIFIER = com.sinanege.SiriExample;
				PRODUCT_NAME = "$(TARGET_NAME)";
				PROVISIONING_PROFILE_SPECIFIER = "";
				SWIFT_VERSION = 4.2;
				TARGETED_DEVICE_FAMILY = "1,2";
			};
			name = Debug;
		};
		5EC2CAD321641470003B7A1B /* Release */ = {
			isa = XCBuildConfiguration;
			buildSettings = {
				ASSETCATALOG_COMPILER_APPICON_NAME = AppIcon;
				CODE_SIGN_ENTITLEMENTS = SiriShortcutsExample/SiriShortcutsExample.entitlements;
				CODE_SIGN_IDENTITY = "iPhone Developer";
				CODE_SIGN_STYLE = Automatic;
				DEVELOPMENT_TEAM = 794E354T7N;
				INFOPLIST_FILE = SiriShortcutsExample/Info.plist;
				LD_RUNPATH_SEARCH_PATHS = (
					"$(inherited)",
					"@executable_path/Frameworks",
				);
				PRODUCT_BUNDLE_IDENTIFIER = com.sinanege.SiriExample;
				PRODUCT_NAME = "$(TARGET_NAME)";
				PROVISIONING_PROFILE_SPECIFIER = "";
				SWIFT_VERSION = 4.2;
				TARGETED_DEVICE_FAMILY = "1,2";
			};
			name = Release;
		};
/* End XCBuildConfiguration section */

/* Begin XCConfigurationList section */
		5EC2CABA2164146E003B7A1B /* Build configuration list for PBXProject "SiriShortcutsExample" */ = {
			isa = XCConfigurationList;
			buildConfigurations = (
				5EC2CACF21641470003B7A1B /* Debug */,
				5EC2CAD021641470003B7A1B /* Release */,
			);
			defaultConfigurationIsVisible = 0;
			defaultConfigurationName = Release;
		};
		5EC2CAD121641470003B7A1B /* Build configuration list for PBXNativeTarget "SiriShortcutsExample" */ = {
			isa = XCConfigurationList;
			buildConfigurations = (
				5EC2CAD221641470003B7A1B /* Debug */,
				5EC2CAD321641470003B7A1B /* Release */,
			);
			defaultConfigurationIsVisible = 0;
			defaultConfigurationName = Release;
		};
/* End XCConfigurationList section */
	};
	rootObject = 5EC2CAB72164146E003B7A1B /* Project object */;
}
